<?xml version="1.0" encoding="UTF-8"?>
<CodeBlocks_project_file xmlns:fct="http://functions">
   <FileVersion major="1" minor="6"/>
   <Project>
      <Option title="HelloVIO (TC1796)"/>
      <Option pch_mode="2"/>
      <Option compiler="tricoregcc"/>
      <Option show_notes="1">
         <notes>	
The sample program HelloVIO uses a so-called Virtual I/O Console for its input/output operations. 
This console can be started from within the debugger. Input/output functionalities such as printf(), getchar(), write() or read() are available from the provided libraries. The program HelloVIO can also be used without any ardware if you work with the simulator instead of using the JTAG-Server. The sample program reads characters via the Virtual I/O Console and reacts according to the user's input. 
Build the programm HelloVIO and load it into board with the debugger (for details see quickstart.pdf)
	</notes>
      </Option>
      <Build>
         <Target title="Default">
            <Option output="obj/HelloVIO.elf" prefix_auto="1" extension_auto="0"/>
            <Option object_output="obj"/>
            <Option type="1"/>
            <Option compiler="tricoregcc"/>
            <Linker>
               <Add option="-Wl,-Map,obj/HelloVIO.lst"/>
            </Linker>
         </Target>
      </Build>
      <Compiler>
         <Add option="-O2"/>
         <Add option="-Wall"/>
         <Add option="-mcpu=tc1796"/>
         <Add option="-g3"/>
         <Add option="-fno-common"/>
         <Add option="-DTRIBOARD_TC1796"/>
         <Add directory="h"/>
         <Add directory="../../../bsp/TriBoard-TC1796/h"/>
      </Compiler>
      <Linker>
         <Add option="-mcpu=tc1796"/>
      </Linker>
      <Unit filename="src/hello.c">
         <Option compilerVar="CC"/>
         <Option target="Default"/>
      </Unit>
      <Unit filename="../../../bsp/TriBoard-TC1796/src/cpufreq.c">
         <Option compilerVar="CC"/>
         <Option target="Default"/>
      </Unit>
      <Unit filename="../../../bsp/TriBoard-TC1796/h/led.h">
         <Option target="Default"/>
      </Unit>
      <Extensions>
         <code_completion/>
      </Extensions>
   </Project>
</CodeBlocks_project_file>