<?xml version="1.0" encoding="UTF-8"?>
<CodeBlocks_project_file xmlns:fct="http://functions">
   <FileVersion major="1" minor="6"/>
   <Project>
      <Option title="pxample (TC1796)"/>
      <Option pch_mode="2"/>
      <Option compiler="tricoregcc"/>
      <Option show_notes="1">
         <notes>
This example contains the source code to a sample PXROS program which demonstrates how to:

- write and build PXROS applications
- initialize PXROS
- create PXROS tasks
- program timer and UART hardware
- use the interrupt interface to create PXROS interrupt handlers
- integrating PXMon into your application

The program creates two tasks that send a message to each other every
second, while a third task waits for input from the keyboard; when you hit
the Return key in a HyperTerminal, Task3 will display the characters entered 
so far, and the length of the entered character string.  Two additional tasks handle
the tty code (i.e., sending/receiving characters to/from the serial line
in an interrupt-driven manner), and the displaying of the current running
time (once per second).
	</notes>
      </Option>
      <Build>
         <Target title="Default">
            <Option output="obj/pxample.elf" prefix_auto="1" extension_auto="0"/>
            <Option object_output="obj"/>
            <Option type="1"/>
            <Option compiler="tricoregcc"/>
            <Linker>
               <Add option="-Wl,-Map,obj/pxample.lst"/>
            </Linker>
         </Target>
      </Build>
      <Compiler>
         <Add option="-O2"/>
         <Add option="-Wall"/>
         <Add option="-mcpu=tc1796"/>
         <Add option="-g3"/>
         <Add option="-fno-common"/>
         <Add option="-DTRIBOARD_TC1796"/>
         <Add directory="h"/>
         <Add directory="../../../bsp/TriBoard-TC1796/h"/>
      </Compiler>
      <Linker>
         <Add option="-mcpu=tc1796"/>
         <Add library="pxdbg"/>
      </Linker>
      <Unit filename="src/pxample.c">
         <Option compilerVar="CC"/>
         <Option target="Default"/>
      </Unit>
      <Unit filename="src/clock.c">
         <Option compilerVar="CC"/>
         <Option target="Default"/>
      </Unit>
      <Unit filename="src/ledserver.c">
         <Option compilerVar="CC"/>
         <Option target="Default"/>
      </Unit>
      <Unit filename="src/stdinit.c">
         <Option compilerVar="CC"/>
         <Option target="Default"/>
      </Unit>
      <Unit filename="src/stdtask.c">
         <Option compilerVar="CC"/>
         <Option target="Default"/>
      </Unit>
      <Unit filename="src/task1.c">
         <Option compilerVar="CC"/>
         <Option target="Default"/>
      </Unit>
      <Unit filename="src/task2.c">
         <Option compilerVar="CC"/>
         <Option target="Default"/>
      </Unit>
      <Unit filename="src/task3.c">
         <Option compilerVar="CC"/>
         <Option target="Default"/>
      </Unit>
      <Unit filename="src/tty.c">
         <Option compilerVar="CC"/>
         <Option target="Default"/>
      </Unit>
      <Unit filename="../../../bsp/TriBoard-TC1796/src/cpufreq.c">
         <Option compilerVar="CC"/>
         <Option target="Default"/>
      </Unit>
      <Unit filename="../../../bsp/TriBoard-TC1796/src/rs232.c">
         <Option compilerVar="CC"/>
         <Option target="Default"/>
      </Unit>
      <Unit filename="../../../bsp/TriBoard-TC1796/src/timer.c">
         <Option compilerVar="CC"/>
         <Option target="Default"/>
      </Unit>
      <Unit filename="h/clock.h">
         <Option target="Default"/>
      </Unit>
      <Unit filename="h/itc.h">
         <Option target="Default"/>
      </Unit>
      <Unit filename="h/ledserver.h">
         <Option target="Default"/>
      </Unit>
      <Unit filename="h/ttytask.h">
         <Option target="Default"/>
      </Unit>
      <Unit filename="h/stdinit.h">
         <Option target="Default"/>
      </Unit>
      <Unit filename="h/stdtask.h">
         <Option target="Default"/>
      </Unit>
      <Unit filename="h/task.h">
         <Option target="Default"/>
      </Unit>
      <Unit filename="h/rs232.h">
         <Option target="Default"/>
      </Unit>
      <Unit filename="h/tty.h">
         <Option target="Default"/>
      </Unit>
      <Unit filename="h/termio.h">
         <Option target="Default"/>
      </Unit>
      <Unit filename="h/timer.h">
         <Option target="Default"/>
      </Unit>
      <Unit filename="../../../bsp/TriBoard-TC1796/h/led.h">
         <Option target="Default"/>
      </Unit>
      <Extensions>
         <code_completion/>
      </Extensions>
   </Project>
</CodeBlocks_project_file>